
Microsoft Visual Studio Solution File, Format Version 12.00
Project("{FAE04EC0-301F-11D3-BF4B-00C04F79EFBC}") = "CodeAnalyser", "CodeAnalyser\CodeAnalyser.csproj", "{0D689FA4-F5F8-4882-AA8E-EAA03191813A}"
EndProject
Project("{FAE04EC0-301F-11D3-BF4B-00C04F79EFBC}") = "Demo", "Demo\Demo.csproj", "{369DBBEF-FCC4-47C4-BFE6-AB638F3E1DFD}"
EndProject
Global
	GlobalSection(SolutionConfigurationPlatforms) = preSolution
		Debug|Any CPU = Debug|Any CPU
		Release|Any CPU = Release|Any CPU
	EndGlobalSection
	GlobalSection(ProjectConfigurationPlatforms) = postSolution
		{0D689FA4-F5F8-4882-AA8E-EAA03191813A}.Debug|Any CPU.ActiveCfg = Debug|Any CPU
		{0D689FA4-F5F8-4882-AA8E-EAA03191813A}.Debug|Any CPU.Build.0 = Debug|Any CPU
		{0D689FA4-F5F8-4882-AA8E-EAA03191813A}.Release|Any CPU.ActiveCfg = Release|Any CPU
		{0D689FA4-F5F8-4882-AA8E-EAA03191813A}.Release|Any CPU.Build.0 = Release|Any CPU
		{369DBBEF-FCC4-47C4-BFE6-AB638F3E1DFD}.Debug|Any CPU.ActiveCfg = Debug|Any CPU
		{369DBBEF-FCC4-47C4-BFE6-AB638F3E1DFD}.Debug|Any CPU.Build.0 = Debug|Any CPU
		{369DBBEF-FCC4-47C4-BFE6-AB638F3E1DFD}.Release|Any CPU.ActiveCfg = Release|Any CPU
		{369DBBEF-FCC4-47C4-BFE6-AB638F3E1DFD}.Release|Any CPU.Build.0 = Release|Any CPU
	EndGlobalSection
EndGlobal
